#MicroXplorer Configuration settings - do not modify
ADC1.Channel-0\#ChannelRegularConversion=ADC_CHANNEL_1
ADC1.ClockPrescaler=ADC_CLOCK_ASYNC_DIV1
ADC1.CommonPathInternal=null|null|null|null
ADC1.DMAAccessModeView=DISABLED
ADC1.DMAContinuousRequests=ENABLE
ADC1.ExternalTrigConv=ADC_EXTERNALTRIG_T2_TRGO
ADC1.IPParameters=Rank-0\#ChannelRegularConversion,Channel-0\#ChannelRegularConversion,SamplingTime-0\#ChannelRegularConversion,OffsetNumber-0\#ChannelRegularConversion,NbrOfConversionFlag,Mode,TwoSamplingDelay,DMAContinuousRequests,ExternalTrigConv,DMAAccessModeView,ClockPrescaler,Overrun,master,CommonPathInternal
ADC1.Mode=ADC_DUALMODE_INTERL
ADC1.NbrOfConversionFlag=1
ADC1.OffsetNumber-0\#ChannelRegularConversion=ADC_OFFSET_NONE
ADC1.Overrun=ADC_OVR_DATA_OVERWRITTEN
ADC1.Rank-0\#ChannelRegularConversion=1
ADC1.SamplingTime-0\#ChannelRegularConversion=ADC_SAMPLETIME_2CYCLES_5
ADC1.TwoSamplingDelay=ADC_TWOSAMPLINGDELAY_1CYCLE
ADC1.master=1
ADC2.Channel-1\#ChannelRegularConversion=ADC_CHANNEL_1
ADC2.ClockPrescaler=ADC_CLOCK_ASYNC_DIV1
ADC2.CommonPathInternal=null|null|null|null
ADC2.IPParameters=Rank-1\#ChannelRegularConversion,Mode,ClockPrescaler,Channel-1\#ChannelRegularConversion,SamplingTime-1\#ChannelRegularConversion,OffsetNumber-1\#ChannelRegularConversion,NbrOfConversionFlag,CommonPathInternal
ADC2.Mode=ADC_DUALMODE_INTERL
ADC2.NbrOfConversionFlag=1
ADC2.OffsetNumber-1\#ChannelRegularConversion=ADC_OFFSET_NONE
ADC2.Rank-1\#ChannelRegularConversion=1
ADC2.SamplingTime-1\#ChannelRegularConversion=ADC_SAMPLETIME_2CYCLES_5
ADC3.Channel-0\#ChannelRegularConversion=ADC_CHANNEL_5
ADC3.ClockPrescaler=ADC_CLOCK_ASYNC_DIV1
ADC3.CommonPathInternal=null|null|null|null
ADC3.ContinuousConvMode=DISABLE
ADC3.DMAAccessModeView=ENABLE
ADC3.DMAContinuousRequests=ENABLE
ADC3.ExternalTrigConv=ADC_EXTERNALTRIG_T2_TRGO
ADC3.IPParameters=Rank-0\#ChannelRegularConversion,Channel-0\#ChannelRegularConversion,SamplingTime-0\#ChannelRegularConversion,OffsetNumber-0\#ChannelRegularConversion,NbrOfConversionFlag,ExternalTrigConv,Overrun,DMAContinuousRequests,Mode,DMAAccessModeView,TwoSamplingDelay,master,ClockPrescaler,ContinuousConvMode,CommonPathInternal
ADC3.Mode=ADC_DUALMODE_INTERL
ADC3.NbrOfConversionFlag=1
ADC3.OffsetNumber-0\#ChannelRegularConversion=ADC_OFFSET_NONE
ADC3.Overrun=ADC_OVR_DATA_OVERWRITTEN
ADC3.Rank-0\#ChannelRegularConversion=1
ADC3.SamplingTime-0\#ChannelRegularConversion=ADC_SAMPLETIME_2CYCLES_5
ADC3.TwoSamplingDelay=ADC_TWOSAMPLINGDELAY_6CYCLES
ADC3.master=1
ADC4.Channel-0\#ChannelRegularConversion=ADC_CHANNEL_5
ADC4.ClockPrescaler=ADC_CLOCK_ASYNC_DIV1
ADC4.CommonPathInternal=null|null|null|null
ADC4.DMAAccessModeView=ENABLE
ADC4.IPParameters=Rank-0\#ChannelRegularConversion,Channel-0\#ChannelRegularConversion,SamplingTime-0\#ChannelRegularConversion,OffsetNumber-0\#ChannelRegularConversion,NbrOfConversionFlag,Mode,DMAAccessModeView,TwoSamplingDelay,ClockPrescaler,OffsetSaturation-0\#ChannelRegularConversion,OffsetSign-0\#ChannelRegularConversion,Offset-0\#ChannelRegularConversion,Overrun,CommonPathInternal
ADC4.Mode=ADC_DUALMODE_INTERL
ADC4.NbrOfConversionFlag=1
ADC4.Offset-0\#ChannelRegularConversion=200
ADC4.OffsetNumber-0\#ChannelRegularConversion=ADC_OFFSET_NONE
ADC4.OffsetSaturation-0\#ChannelRegularConversion=ENABLE
ADC4.OffsetSign-0\#ChannelRegularConversion=ADC_OFFSET_SIGN_POSITIVE
ADC4.Overrun=ADC_OVR_DATA_OVERWRITTEN
ADC4.Rank-0\#ChannelRegularConversion=1
ADC4.SamplingTime-0\#ChannelRegularConversion=ADC_SAMPLETIME_2CYCLES_5
ADC4.TwoSamplingDelay=ADC_TWOSAMPLINGDELAY_6CYCLES
BSP_IP_NAME=NUCLEO-G474RE
CAD.formats=
CAD.pinconfig=
CAD.provider=
COMP5.Hysteresis=COMP_HYSTERESIS_10MV
COMP5.IPParameters=TriggerMode,Hysteresis
COMP5.TriggerMode=COMP_TRIGGERMODE_IT_RISING_FALLING
COMP6.Hysteresis=COMP_HYSTERESIS_10MV
COMP6.IPParameters=TriggerMode,Hysteresis
COMP6.TriggerMode=COMP_TRIGGERMODE_IT_RISING_FALLING
DAC1.DAC_DMADoubleDataMode-DAC_OUT1=ENABLE
DAC1.DAC_OutputBuffer-DAC_OUT1=DAC_OUTPUTBUFFER_ENABLE
DAC1.DAC_SampleAndHold-DAC_OUT1=DAC_SAMPLEANDHOLD_DISABLE
DAC1.DAC_Trigger_OUT1-DAC_OUT1=DAC_TRIGGER_T15_TRGO
DAC1.IPParameters=DAC_OutputBuffer-DAC_OUT1,DAC_SampleAndHold-DAC_OUT1,DAC_Trigger_OUT1-DAC_OUT1,DAC_DMADoubleDataMode-DAC_OUT1
DAC3.DAC_Channel-DAC_OUT2_Int=DAC_CHANNEL_2
DAC3.IPParameters=DAC_Channel-DAC_OUT2_Int
DAC4.DAC_Channel-DAC_OUT2_Int=DAC_CHANNEL_2
DAC4.DAC_Trigger_OUT2-DAC_OUT2_Int=DAC_TRIGGER_NONE
DAC4.IPParameters=DAC_Channel-DAC_OUT2_Int,DAC_Trigger_OUT2-DAC_OUT2_Int
Dma.ADC1.3.Direction=DMA_PERIPH_TO_MEMORY
Dma.ADC1.3.EventEnable=DISABLE
Dma.ADC1.3.Instance=DMA1_Channel5
Dma.ADC1.3.MemDataAlignment=DMA_MDATAALIGN_WORD
Dma.ADC1.3.MemInc=DMA_MINC_ENABLE
Dma.ADC1.3.Mode=DMA_CIRCULAR
Dma.ADC1.3.PeriphDataAlignment=DMA_PDATAALIGN_WORD
Dma.ADC1.3.PeriphInc=DMA_PINC_DISABLE
Dma.ADC1.3.Polarity=HAL_DMAMUX_REQ_GEN_RISING
Dma.ADC1.3.Priority=DMA_PRIORITY_LOW
Dma.ADC1.3.RequestNumber=1
Dma.ADC1.3.RequestParameters=Instance,Direction,PeriphInc,MemInc,PeriphDataAlignment,MemDataAlignment,Mode,Priority,SignalID,Polarity,RequestNumber,SyncSignalID,SyncPolarity,SyncEnable,EventEnable,SyncRequestNumber
Dma.ADC1.3.SignalID=NONE
Dma.ADC1.3.SyncEnable=DISABLE
Dma.ADC1.3.SyncPolarity=HAL_DMAMUX_SYNC_NO_EVENT
Dma.ADC1.3.SyncRequestNumber=1
Dma.ADC1.3.SyncSignalID=NONE
Dma.ADC3.1.Direction=DMA_PERIPH_TO_MEMORY
Dma.ADC3.1.EventEnable=DISABLE
Dma.ADC3.1.Instance=DMA1_Channel3
Dma.ADC3.1.MemDataAlignment=DMA_MDATAALIGN_WORD
Dma.ADC3.1.MemInc=DMA_MINC_ENABLE
Dma.ADC3.1.Mode=DMA_CIRCULAR
Dma.ADC3.1.PeriphDataAlignment=DMA_PDATAALIGN_WORD
Dma.ADC3.1.PeriphInc=DMA_PINC_DISABLE
Dma.ADC3.1.Polarity=HAL_DMAMUX_REQ_GEN_RISING
Dma.ADC3.1.Priority=DMA_PRIORITY_LOW
Dma.ADC3.1.RequestNumber=1
Dma.ADC3.1.RequestParameters=Instance,Direction,PeriphInc,MemInc,PeriphDataAlignment,MemDataAlignment,Mode,Priority,SignalID,Polarity,RequestNumber,SyncSignalID,SyncPolarity,SyncEnable,EventEnable,SyncRequestNumber
Dma.ADC3.1.SignalID=NONE
Dma.ADC3.1.SyncEnable=DISABLE
Dma.ADC3.1.SyncPolarity=HAL_DMAMUX_SYNC_NO_EVENT
Dma.ADC3.1.SyncRequestNumber=1
Dma.ADC3.1.SyncSignalID=NONE
Dma.DAC1_CH1.5.Direction=DMA_MEMORY_TO_PERIPH
Dma.DAC1_CH1.5.EventEnable=DISABLE
Dma.DAC1_CH1.5.Instance=DMA1_Channel1
Dma.DAC1_CH1.5.MemDataAlignment=DMA_MDATAALIGN_WORD
Dma.DAC1_CH1.5.MemInc=DMA_MINC_ENABLE
Dma.DAC1_CH1.5.Mode=DMA_CIRCULAR
Dma.DAC1_CH1.5.PeriphDataAlignment=DMA_PDATAALIGN_WORD
Dma.DAC1_CH1.5.PeriphInc=DMA_PINC_DISABLE
Dma.DAC1_CH1.5.Polarity=HAL_DMAMUX_REQ_GEN_RISING
Dma.DAC1_CH1.5.Priority=DMA_PRIORITY_VERY_HIGH
Dma.DAC1_CH1.5.RequestNumber=1
Dma.DAC1_CH1.5.RequestParameters=Instance,Direction,PeriphInc,MemInc,PeriphDataAlignment,MemDataAlignment,Mode,Priority,SignalID,Polarity,RequestNumber,SyncSignalID,SyncPolarity,SyncEnable,EventEnable,SyncRequestNumber
Dma.DAC1_CH1.5.SignalID=NONE
Dma.DAC1_CH1.5.SyncEnable=DISABLE
Dma.DAC1_CH1.5.SyncPolarity=HAL_DMAMUX_SYNC_NO_EVENT
Dma.DAC1_CH1.5.SyncRequestNumber=1
Dma.DAC1_CH1.5.SyncSignalID=NONE
Dma.LPUART1_TX.2.Direction=DMA_MEMORY_TO_PERIPH
Dma.LPUART1_TX.2.EventEnable=DISABLE
Dma.LPUART1_TX.2.Instance=DMA1_Channel4
Dma.LPUART1_TX.2.MemDataAlignment=DMA_MDATAALIGN_BYTE
Dma.LPUART1_TX.2.MemInc=DMA_MINC_ENABLE
Dma.LPUART1_TX.2.Mode=DMA_NORMAL
Dma.LPUART1_TX.2.PeriphDataAlignment=DMA_PDATAALIGN_BYTE
Dma.LPUART1_TX.2.PeriphInc=DMA_PINC_DISABLE
Dma.LPUART1_TX.2.Polarity=HAL_DMAMUX_REQ_GEN_RISING
Dma.LPUART1_TX.2.Priority=DMA_PRIORITY_LOW
Dma.LPUART1_TX.2.RequestNumber=1
Dma.LPUART1_TX.2.RequestParameters=Instance,Direction,PeriphInc,MemInc,PeriphDataAlignment,MemDataAlignment,Mode,Priority,SignalID,Polarity,RequestNumber,SyncSignalID,SyncPolarity,SyncEnable,EventEnable,SyncRequestNumber
Dma.LPUART1_TX.2.SignalID=NONE
Dma.LPUART1_TX.2.SyncEnable=DISABLE
Dma.LPUART1_TX.2.SyncPolarity=HAL_DMAMUX_SYNC_NO_EVENT
Dma.LPUART1_TX.2.SyncRequestNumber=1
Dma.LPUART1_TX.2.SyncSignalID=NONE
Dma.MEMTOMEM.0.Direction=DMA_MEMORY_TO_MEMORY
Dma.MEMTOMEM.0.EventEnable=DISABLE
Dma.MEMTOMEM.0.Instance=DMA1_Channel2
Dma.MEMTOMEM.0.MemDataAlignment=DMA_MDATAALIGN_WORD
Dma.MEMTOMEM.0.MemInc=DMA_MINC_ENABLE
Dma.MEMTOMEM.0.Mode=DMA_NORMAL
Dma.MEMTOMEM.0.PeriphDataAlignment=DMA_PDATAALIGN_WORD
Dma.MEMTOMEM.0.PeriphInc=DMA_PINC_ENABLE
Dma.MEMTOMEM.0.Polarity=HAL_DMAMUX_REQ_GEN_RISING
Dma.MEMTOMEM.0.Priority=DMA_PRIORITY_LOW
Dma.MEMTOMEM.0.RequestNumber=1
Dma.MEMTOMEM.0.RequestParameters=Instance,Direction,PeriphInc,MemInc,PeriphDataAlignment,MemDataAlignment,Mode,Priority,SignalID,Polarity,RequestNumber,SyncSignalID,SyncPolarity,SyncEnable,EventEnable,SyncRequestNumber
Dma.MEMTOMEM.0.SignalID=NONE
Dma.MEMTOMEM.0.SyncEnable=DISABLE
Dma.MEMTOMEM.0.SyncPolarity=HAL_DMAMUX_SYNC_NO_EVENT
Dma.MEMTOMEM.0.SyncRequestNumber=1
Dma.MEMTOMEM.0.SyncSignalID=NONE
Dma.MEMTOMEM.4.Direction=DMA_MEMORY_TO_MEMORY
Dma.MEMTOMEM.4.EventEnable=DISABLE
Dma.MEMTOMEM.4.Instance=DMA1_Channel6
Dma.MEMTOMEM.4.MemDataAlignment=DMA_MDATAALIGN_WORD
Dma.MEMTOMEM.4.MemInc=DMA_MINC_ENABLE
Dma.MEMTOMEM.4.Mode=DMA_NORMAL
Dma.MEMTOMEM.4.PeriphDataAlignment=DMA_PDATAALIGN_WORD
Dma.MEMTOMEM.4.PeriphInc=DMA_PINC_ENABLE
Dma.MEMTOMEM.4.Polarity=HAL_DMAMUX_REQ_GEN_RISING
Dma.MEMTOMEM.4.Priority=DMA_PRIORITY_LOW
Dma.MEMTOMEM.4.RequestNumber=1
Dma.MEMTOMEM.4.RequestParameters=Instance,Direction,PeriphInc,MemInc,PeriphDataAlignment,MemDataAlignment,Mode,Priority,SignalID,Polarity,RequestNumber,SyncSignalID,SyncPolarity,SyncEnable,EventEnable,SyncRequestNumber
Dma.MEMTOMEM.4.SignalID=NONE
Dma.MEMTOMEM.4.SyncEnable=DISABLE
Dma.MEMTOMEM.4.SyncPolarity=HAL_DMAMUX_SYNC_NO_EVENT
Dma.MEMTOMEM.4.SyncRequestNumber=1
Dma.MEMTOMEM.4.SyncSignalID=NONE
Dma.Request0=MEMTOMEM
Dma.Request1=ADC3
Dma.Request2=LPUART1_TX
Dma.Request3=ADC1
Dma.Request4=MEMTOMEM
Dma.Request5=DAC1_CH1
Dma.RequestsNb=6
FREERTOS.BinarySemaphores01=transmitBufferBusy,Static,transmitBufferBusyControlBlock,Available;transmitKeyBufferBusy,Static,transmitKeyBufferBusyControlBlock,Available
FREERTOS.FootprintOK=true
FREERTOS.IPParameters=Tasks01,configGENERATE_RUN_TIME_STATS,configENABLE_FPU,configTOTAL_HEAP_SIZE,FootprintOK,BinarySemaphores01,Queues01,Timers01
FREERTOS.Queues01=cmdRxQueue,128,uint8_t,0,Static,cmdRxQueueBuffer,cmdRxQueueControlBlock
FREERTOS.Tasks01=defaultTask,24,128,startDefaultTask,Default,NULL,Static,defaultTaskBuffer,defaultTaskControlBlock;transmitTask,8,200,startTransmitTask,As external,NULL,Static,transmitTaskBuffer,transmitTaskControlBlock;keyFrameTask,40,200,keyFramesProcessing,As external,NULL,Static,keyFrameTaskBuffer,keyFrameTaskControlBlock
FREERTOS.Timers01=partialFrameTimer,partialFrameSend,osTimerPeriodic,As external,NULL,Static,partialFrameTimerControlBlock
FREERTOS.configENABLE_FPU=0
FREERTOS.configGENERATE_RUN_TIME_STATS=1
FREERTOS.configTOTAL_HEAP_SIZE=30720
File.Version=6
GPIO.groupedBy=Group By Peripherals
KeepUserPlacement=false
LPUART1.BaudRate=460800
LPUART1.FIFOMode=UART_FIFOMODE_ENABLE
LPUART1.IPParameters=BaudRate,FIFOMode,RXFIFOThreshold,TXFIFOThreshold
LPUART1.RXFIFOThreshold=UART_RXFIFO_THRESHOLD_1_8
LPUART1.TXFIFOThreshold=UART_TXFIFO_THRESHOLD_1_2
Mcu.CPN=STM32G474RET6
Mcu.Family=STM32G4
Mcu.IP0=ADC1
Mcu.IP1=ADC2
Mcu.IP10=FREERTOS
Mcu.IP11=LPUART1
Mcu.IP12=NVIC
Mcu.IP13=OPAMP2
Mcu.IP14=OPAMP3
Mcu.IP15=OPAMP5
Mcu.IP16=OPAMP6
Mcu.IP17=RCC
Mcu.IP18=SYS
Mcu.IP19=TIM1
Mcu.IP2=ADC3
Mcu.IP20=TIM2
Mcu.IP21=TIM15
Mcu.IP22=NUCLEO-G474RE
Mcu.IP3=ADC4
Mcu.IP4=COMP5
Mcu.IP5=COMP6
Mcu.IP6=DAC1
Mcu.IP7=DAC3
Mcu.IP8=DAC4
Mcu.IP9=DMA
Mcu.IPNb=23
Mcu.Name=STM32G474R(B-C-E)Tx
Mcu.Package=LQFP64
Mcu.Pin0=PC14-OSC32_IN
Mcu.Pin1=PC15-OSC32_OUT
Mcu.Pin10=PA5
Mcu.Pin11=PA6
Mcu.Pin12=PA7
Mcu.Pin13=PB1
Mcu.Pin14=PB2
Mcu.Pin15=VREF+
Mcu.Pin16=PB11
Mcu.Pin17=PB13
Mcu.Pin18=PB15
Mcu.Pin19=PA8
Mcu.Pin2=PF0-OSC_IN
Mcu.Pin20=PA13
Mcu.Pin21=PA14
Mcu.Pin22=PB3
Mcu.Pin23=VP_COMP5_VS_DAC4OUT1
Mcu.Pin24=VP_COMP6_VS_DAC4OUT2
Mcu.Pin25=VP_DAC3_VS_DACI1
Mcu.Pin26=VP_DAC3_VS_DACI2
Mcu.Pin27=VP_DAC4_VS_DACI1
Mcu.Pin28=VP_DAC4_VS_DACI2
Mcu.Pin29=VP_FREERTOS_VS_CMSIS_V2
Mcu.Pin3=PF1-OSC_OUT
Mcu.Pin30=VP_SYS_VS_tim7
Mcu.Pin31=VP_SYS_VS_DBSignals
Mcu.Pin32=VP_TIM1_VS_ControllerModeClock
Mcu.Pin33=VP_TIM1_VS_ClockSourceITR
Mcu.Pin34=VP_TIM1_VS_no_output1
Mcu.Pin35=VP_TIM1_VS_OPM
Mcu.Pin36=VP_TIM2_VS_ControllerModeGated
Mcu.Pin37=VP_TIM2_VS_ClockSourceINT
Mcu.Pin38=VP_TIM2_VS_ClockSourceITR
Mcu.Pin39=VP_TIM15_VS_ClockSourceINT
Mcu.Pin4=PC3
Mcu.Pin5=PA0
Mcu.Pin6=PA1
Mcu.Pin7=PA2
Mcu.Pin8=PA3
Mcu.Pin9=PA4
Mcu.PinsNb=40
Mcu.ThirdPartyNb=0
Mcu.UserConstants=
Mcu.UserName=STM32G474RETx
MxCube.Version=6.17.0
MxDb.Version=DB.6.0.170
NVIC.BusFault_IRQn=true\:0\:0\:false\:false\:true\:false\:false\:false\:false
NVIC.COMP4_5_6_IRQn=true\:5\:0\:false\:false\:true\:true\:false\:true\:true
NVIC.DMA1_Channel1_IRQn=true\:5\:0\:false\:false\:true\:true\:false\:true\:true
NVIC.DMA1_Channel2_IRQn=true\:5\:0\:false\:false\:true\:true\:true\:true\:true
NVIC.DMA1_Channel3_IRQn=true\:5\:0\:false\:false\:true\:true\:false\:true\:true
NVIC.DMA1_Channel4_IRQn=true\:5\:0\:false\:false\:true\:true\:false\:true\:true
NVIC.DMA1_Channel5_IRQn=true\:5\:0\:false\:false\:true\:true\:false\:true\:true
NVIC.DebugMonitor_IRQn=true\:0\:0\:false\:false\:true\:false\:false\:false\:false
NVIC.ForceEnableDMAVector=true
NVIC.HardFault_IRQn=true\:0\:0\:false\:false\:true\:false\:false\:false\:false
NVIC.LPUART1_IRQn=true\:5\:0\:false\:false\:true\:true\:true\:true\:true
NVIC.MemoryManagement_IRQn=true\:0\:0\:false\:false\:true\:false\:false\:false\:false
NVIC.NonMaskableInt_IRQn=true\:0\:0\:false\:false\:true\:false\:false\:false\:false
NVIC.PendSV_IRQn=true\:15\:0\:false\:false\:false\:true\:false\:false\:false
NVIC.PriorityGroup=NVIC_PRIORITYGROUP_4
NVIC.SVCall_IRQn=true\:0\:0\:false\:false\:false\:false\:false\:false\:false
NVIC.SavedPendsvIrqHandlerGenerated=true
NVIC.SavedSvcallIrqHandlerGenerated=true
NVIC.SavedSystickIrqHandlerGenerated=true
NVIC.SysTick_IRQn=true\:15\:0\:false\:false\:false\:true\:false\:true\:false
NVIC.TIM1_CC_IRQn=true\:5\:0\:false\:false\:true\:true\:true\:true\:true
NVIC.TIM7_DAC_IRQn=true\:15\:0\:false\:false\:true\:false\:false\:true\:true
NVIC.TimeBase=TIM7_DAC_IRQn
NVIC.TimeBaseIP=TIM7
NVIC.UsageFault_IRQn=true\:0\:0\:false\:false\:true\:false\:false\:false\:false
OPAMP2.IPParameters=PowerMode
OPAMP2.PowerMode=OPAMP_POWERMODE_HIGHSPEED
OPAMP3.IPParameters=PowerMode,PgaGain
OPAMP3.PgaGain=OPAMP_PGA_GAIN_16_OR_MINUS_15
OPAMP3.PowerMode=OPAMP_POWERMODE_HIGHSPEED
OPAMP5.IPParameters=PowerMode
OPAMP5.PowerMode=OPAMP_POWERMODE_HIGHSPEED
OPAMP6.IPParameters=PowerMode
OPAMP6.PowerMode=OPAMP_POWERMODE_HIGHSPEED
PA0.GPIOParameters=GPIO_Label
PA0.GPIO_Label=SHIFTED.A[ADC1_2,ADC2_2]
PA0.Locked=true
PA0.Signal=SharedAnalog_PA0
PA1.GPIOParameters=GPIO_Label
PA1.GPIO_Label=AMPLIFIED.A[OPAMP6_IN-]
PA1.Mode=PGA Connected-INVERTINGINPUT_IO0_BIAS-DAC_OUT1-INP
PA1.Signal=OPAMP6_VINM0
PA13.GPIOParameters=GPIO_Label
PA13.GPIO_Label=T_SWDIO
PA13.Locked=true
PA13.Mode=Serial_Wire
PA13.Signal=SYS_JTMS-SWDIO
PA14.GPIOParameters=GPIO_Label
PA14.GPIO_Label=T_SWCLK
PA14.Locked=true
PA14.Mode=Serial_Wire
PA14.Signal=SYS_JTCK-SWCLK
PA2.GPIOParameters=GPIO_Speed
PA2.GPIO_Speed=GPIO_SPEED_FREQ_VERY_HIGH
PA2.Locked=true
PA2.Mode=Asynchronous
PA2.Signal=LPUART1_TX
PA3.GPIOParameters=GPIO_Speed
PA3.GPIO_Speed=GPIO_SPEED_FREQ_VERY_HIGH
PA3.Locked=true
PA3.Mode=Asynchronous
PA3.Signal=LPUART1_RX
PA4.GPIOParameters=GPIO_Label
PA4.GPIO_Label=TEST_SIGNAL[DAC1_1]
PA4.Locked=true
PA4.Signal=COMP_DAC11_group
PA5.GPIOParameters=GPIO_Label
PA5.GPIO_Label=LD2
PA5.Locked=true
PA5.Signal=GPIO_Output
PA6.GPIOParameters=GPIO_Label
PA6.GPIO_Label=AMPLIFIED.B[OPAMP2_OUT]
PA6.Mode=Follower
PA6.Signal=OPAMP2_VOUT
PA7.GPIOParameters=GPIO_Label
PA7.GPIO_Label=INPUT.B[OPAMP2_IN]
PA7.Mode=Follower
PA7.Signal=OPAMP2_VINP
PA8.GPIOParameters=GPIO_Label
PA8.GPIO_Label=AMPLIFIED.A[OPAMP5_OUT]
PA8.Mode=Follower
PA8.Signal=OPAMP5_VOUT
PB1.GPIOParameters=GPIO_Label
PB1.GPIO_Label=SHIFTED.B[OPAMP3_OUT]
PB1.Locked=true
PB1.Mode=PGA Connected-INVERTINGINPUT_IO0_BIAS-DAC_OUT1-INP
PB1.Signal=OPAMP3_VOUT
PB11.GPIOParameters=GPIO_Label
PB11.GPIO_Label=SHIFTED.A[COMP6,OPAMP6_OUT]
PB11.Locked=true
PB11.Signal=SharedAnalog_PB11
PB13.GPIOParameters=GPIO_Label
PB13.GPIO_Label=SHIFTED.B[COMP5,ADC3_5]
PB13.Locked=true
PB13.Signal=SharedAnalog_PB13
PB15.GPIOParameters=GPIO_Label
PB15.GPIO_Label=SHIFTED.B[ADC4_5]
PB15.Mode=IN5-Single-Ended
PB15.Signal=ADC4_IN5
PB2.GPIOParameters=GPIO_Label
PB2.GPIO_Label=AMPLIFIED.B[OPAMP3_IN-]
PB2.Mode=PGA Connected-INVERTINGINPUT_IO0_BIAS-DAC_OUT1-INP
PB2.Signal=OPAMP3_VINM0
PB3.GPIOParameters=GPIO_Label
PB3.GPIO_Label=T_SWO
PB3.Locked=true
PB3.Signal=SYS_JTDO-SWO
PC14-OSC32_IN.GPIOParameters=GPIO_Label
PC14-OSC32_IN.GPIO_Label=RCC_OSC32_IN
PC14-OSC32_IN.Locked=true
PC14-OSC32_IN.Signal=RCC_OSC32_IN
PC15-OSC32_OUT.GPIOParameters=GPIO_Label
PC15-OSC32_OUT.GPIO_Label=RCC_OSC32_OUT
PC15-OSC32_OUT.Locked=true
PC15-OSC32_OUT.Signal=RCC_OSC32_OUT
PC3.GPIOParameters=GPIO_Label
PC3.GPIO_Label=INPUT.A[OPAMP5_IN]
PC3.Mode=Follower
PC3.Signal=OPAMP5_VINP
PF0-OSC_IN.GPIOParameters=GPIO_Label
PF0-OSC_IN.GPIO_Label=RCC_OSC_IN
PF0-OSC_IN.Locked=true
PF0-OSC_IN.Mode=HSE-External-Oscillator
PF0-OSC_IN.Signal=RCC_OSC_IN
PF1-OSC_OUT.GPIOParameters=GPIO_Label
PF1-OSC_OUT.GPIO_Label=RCC_OSC_OUT
PF1-OSC_OUT.Locked=true
PF1-OSC_OUT.Mode=HSE-External-Oscillator
PF1-OSC_OUT.Signal=RCC_OSC_OUT
PinOutPanel.RotationAngle=0
ProjectManager.AskForMigrate=true
ProjectManager.BackupPrevious=false
ProjectManager.CompilerLinker=GCC
ProjectManager.CompilerOptimize=6
ProjectManager.ComputerToolchain=false
ProjectManager.CoupleFile=true
ProjectManager.CustomerFirmwarePackage=
ProjectManager.DefaultFWLocation=true
ProjectManager.DeletePrevious=true
ProjectManager.DeviceId=STM32G474RETx
ProjectManager.FirmwarePackage=STM32Cube FW_G4 V1.6.3
ProjectManager.FreePins=false
ProjectManager.FreePinsContext=
ProjectManager.HalAssertFull=false
ProjectManager.HeapSize=0x200
ProjectManager.KeepUserCode=true
ProjectManager.LastFirmware=true
ProjectManager.LibraryCopy=1
ProjectManager.MainLocation=Core/Src
ProjectManager.NoMain=false
ProjectManager.PreviousToolchain=
ProjectManager.ProjectBuild=false
ProjectManager.ProjectFileName=g4-oscilloscope-b.ioc
ProjectManager.ProjectName=g4-oscilloscope-b
ProjectManager.ProjectStructure=
ProjectManager.RegisterCallBack=
ProjectManager.StackSize=0x400
ProjectManager.TargetToolchain=CMake
ProjectManager.ToolChainLocation=
ProjectManager.UAScriptAfterPath=
ProjectManager.UAScriptBeforePath=
ProjectManager.UnderRoot=false
ProjectManager.functionlistsort=1-MX_GPIO_Init-GPIO-false-HAL-true,2-MX_DMA_Init-DMA-false-HAL-true,3-SystemClock_Config-RCC-false-HAL-false,4-MX_ADC3_Init-ADC3-false-HAL-true,5-MX_OPAMP3_Init-OPAMP3-false-HAL-true,6-MX_DAC1_Init-DAC1-false-HAL-true,7-MX_ADC4_Init-ADC4-false-HAL-true,8-MX_LPUART1_UART_Init-LPUART1-false-LL-true,9-MX_TIM1_Init-TIM1-false-HAL-true,10-MX_TIM15_Init-TIM15-false-HAL-true,11-MX_TIM2_Init-TIM2-false-HAL-true,12-MX_DAC4_Init-DAC4-false-HAL-true,13-MX_OPAMP5_Init-OPAMP5-false-HAL-true,14-MX_DAC3_Init-DAC3-false-HAL-true,15-MX_ADC1_Init-ADC1-false-HAL-true,16-MX_ADC2_Init-ADC2-false-HAL-true,17-MX_COMP5_Init-COMP5-false-HAL-true,18-MX_COMP6_Init-COMP6-false-HAL-true,19-MX_OPAMP2_Init-OPAMP2-false-HAL-true,20-MX_OPAMP6_Init-OPAMP6-false-HAL-true
RCC.ADC12CLockSelection=RCC_ADC12CLKSOURCE_PLL
RCC.ADC12Freq_Value=60000000
RCC.ADC345CLockSelection=RCC_ADC345CLKSOURCE_PLL
RCC.ADC345Freq_Value=60000000
RCC.AHBFreq_Value=150000000
RCC.APB1Freq_Value=150000000
RCC.APB1TimFreq_Value=150000000
RCC.APB2Freq_Value=150000000
RCC.APB2TimFreq_Value=150000000
RCC.CRSFreq_Value=48000000
RCC.CortexFreq_Value=150000000
RCC.EXTERNAL_CLOCK_VALUE=12288000
RCC.FCLKCortexFreq_Value=150000000
RCC.FDCANFreq_Value=150000000
RCC.FamilyName=M
RCC.HCLKFreq_Value=150000000
RCC.HRTIM1Freq_Value=150000000
RCC.HSE_VALUE=24000000
RCC.HSI48_VALUE=48000000
RCC.HSI_VALUE=16000000
RCC.I2C1Freq_Value=150000000
RCC.I2C2Freq_Value=150000000
RCC.I2C3Freq_Value=150000000
RCC.I2C4Freq_Value=150000000
RCC.I2SFreq_Value=150000000
RCC.IPParameters=ADC12CLockSelection,ADC12Freq_Value,ADC345CLockSelection,ADC345Freq_Value,AHBFreq_Value,APB1Freq_Value,APB1TimFreq_Value,APB2Freq_Value,APB2TimFreq_Value,CRSFreq_Value,CortexFreq_Value,EXTERNAL_CLOCK_VALUE,FCLKCortexFreq_Value,FDCANFreq_Value,FamilyName,HCLKFreq_Value,HRTIM1Freq_Value,HSE_VALUE,HSI48_VALUE,HSI_VALUE,I2C1Freq_Value,I2C2Freq_Value,I2C3Freq_Value,I2C4Freq_Value,I2SFreq_Value,LPTIM1Freq_Value,LPUART1Freq_Value,LSCOPinFreq_Value,LSE_VALUE,LSI_VALUE,MCO1PinFreq_Value,PLLM,PLLN,PLLP,PLLPoutputFreq_Value,PLLQoutputFreq_Value,PLLRCLKFreq_Value,PLLSourceVirtual,PWRFreq_Value,QSPIFreq_Value,RNGFreq_Value,RTCClockSelection,RTCFreq_Value,SAI1Freq_Value,SYSCLKFreq_VALUE,SYSCLKSource,UART4Freq_Value,UART5Freq_Value,USART1Freq_Value,USART2Freq_Value,USART3Freq_Value,USBFreq_Value,VCOInputFreq_Value,VCOOutputFreq_Value
RCC.LPTIM1Freq_Value=150000000
RCC.LPUART1Freq_Value=150000000
RCC.LSCOPinFreq_Value=32000
RCC.LSE_VALUE=32768
RCC.LSI_VALUE=32000
RCC.MCO1PinFreq_Value=16000000
RCC.PLLM=RCC_PLLM_DIV8
RCC.PLLN=100
RCC.PLLP=RCC_PLLP_DIV5
RCC.PLLPoutputFreq_Value=60000000
RCC.PLLQoutputFreq_Value=150000000
RCC.PLLRCLKFreq_Value=150000000
RCC.PLLSourceVirtual=RCC_PLLSOURCE_HSE
RCC.PWRFreq_Value=150000000
RCC.QSPIFreq_Value=150000000
RCC.RNGFreq_Value=150000000
RCC.RTCClockSelection=RCC_RTCCLKSOURCE_LSE
RCC.RTCFreq_Value=32768
RCC.SAI1Freq_Value=150000000
RCC.SYSCLKFreq_VALUE=150000000
RCC.SYSCLKSource=RCC_SYSCLKSOURCE_PLLCLK
RCC.UART4Freq_Value=150000000
RCC.UART5Freq_Value=150000000
RCC.USART1Freq_Value=150000000
RCC.USART2Freq_Value=150000000
RCC.USART3Freq_Value=150000000
RCC.USBFreq_Value=150000000
RCC.VCOInputFreq_Value=3000000
RCC.VCOOutputFreq_Value=300000000
SH.COMP_DAC11_group.0=DAC1_OUT1,DAC_OUT1
SH.COMP_DAC11_group.ConfNb=1
SH.SharedAnalog_PA0.0=ADC1_IN1,IN1-Single-Ended
SH.SharedAnalog_PA0.1=ADC2_IN1,IN1-Single-Ended
SH.SharedAnalog_PA0.ConfNb=2
SH.SharedAnalog_PB11.0=OPAMP6_VOUT,PGA Connected-INVERTINGINPUT_IO0_BIAS-DAC_OUT1-INP
SH.SharedAnalog_PB11.1=COMP6_INP,INP
SH.SharedAnalog_PB11.ConfNb=2
SH.SharedAnalog_PB13.0=ADC3_IN5,IN5-Single-Ended
SH.SharedAnalog_PB13.1=COMP5_INP,INP
SH.SharedAnalog_PB13.ConfNb=2
TIM1.Channel-PWM\ Generation1\ No\ Output=TIM_CHANNEL_1
TIM1.ClockDivision=TIM_CLOCKDIVISION_DIV1
TIM1.CounterMode=TIM_COUNTERMODE_UP
TIM1.Dithering=Disable
TIM1.IPParameters=TIM_MasterOutputTrigger,Prescaler,PulseNoDither_1,Dithering,CounterMode,PeriodNoDither,ClockDivision,OCIdleState_1,Channel-PWM Generation1 No Output,OCMode_PWM-PWM Generation1 No Output
TIM1.OCIdleState_1=TIM_OCIDLESTATE_SET
TIM1.OCMode_PWM-PWM\ Generation1\ No\ Output=TIM_OCMODE_PWM1
TIM1.PeriodNoDither=65535
TIM1.Prescaler=0
TIM1.PulseNoDither_1=99
TIM1.TIM_MasterOutputTrigger=TIM_TRGO_OC1REF
TIM15.IPParameters=TIM_MasterOutputTrigger,Prescaler,PeriodNoDither
TIM15.PeriodNoDither=16
TIM15.Prescaler=30
TIM15.TIM_MasterOutputTrigger=TIM_TRGO_UPDATE
TIM2.IPParameters=Prescaler,PeriodNoDither,TIM_MasterOutputTrigger
TIM2.PeriodNoDither=19
TIM2.Prescaler=39
TIM2.TIM_MasterOutputTrigger=TIM_TRGO_UPDATE
VP_COMP5_VS_DAC4OUT1.Mode=INM_DAC4OUT1
VP_COMP5_VS_DAC4OUT1.Signal=COMP5_VS_DAC4OUT1
VP_COMP6_VS_DAC4OUT2.Mode=INM_DAC4OUT2
VP_COMP6_VS_DAC4OUT2.Signal=COMP6_VS_DAC4OUT2
VP_DAC3_VS_DACI1.Mode=DAC_OUT1_Int
VP_DAC3_VS_DACI1.Signal=DAC3_VS_DACI1
VP_DAC3_VS_DACI2.Mode=DAC_OUT2_Int
VP_DAC3_VS_DACI2.Signal=DAC3_VS_DACI2
VP_DAC4_VS_DACI1.Mode=DAC_OUT1_Int
VP_DAC4_VS_DACI1.Signal=DAC4_VS_DACI1
VP_DAC4_VS_DACI2.Mode=DAC_OUT2_Int
VP_DAC4_VS_DACI2.Signal=DAC4_VS_DACI2
VP_FREERTOS_VS_CMSIS_V2.Mode=CMSIS_V2
VP_FREERTOS_VS_CMSIS_V2.Signal=FREERTOS_VS_CMSIS_V2
VP_SYS_VS_DBSignals.Mode=DisableDeadBatterySignals
VP_SYS_VS_DBSignals.Signal=SYS_VS_DBSignals
VP_SYS_VS_tim7.Mode=TIM7
VP_SYS_VS_tim7.Signal=SYS_VS_tim7
VP_TIM15_VS_ClockSourceINT.Mode=Internal
VP_TIM15_VS_ClockSourceINT.Signal=TIM15_VS_ClockSourceINT
VP_TIM1_VS_ClockSourceITR.Mode=TriggerSource_ITR1
VP_TIM1_VS_ClockSourceITR.Signal=TIM1_VS_ClockSourceITR
VP_TIM1_VS_ControllerModeClock.Mode=Clock Mode
VP_TIM1_VS_ControllerModeClock.Signal=TIM1_VS_ControllerModeClock
VP_TIM1_VS_OPM.Mode=OPM_bit
VP_TIM1_VS_OPM.Signal=TIM1_VS_OPM
VP_TIM1_VS_no_output1.Mode=PWM Generation1 No Output
VP_TIM1_VS_no_output1.Signal=TIM1_VS_no_output1
VP_TIM2_VS_ClockSourceINT.Mode=Internal
VP_TIM2_VS_ClockSourceINT.Signal=TIM2_VS_ClockSourceINT
VP_TIM2_VS_ClockSourceITR.Mode=TriggerSource_ITR0
VP_TIM2_VS_ClockSourceITR.Signal=TIM2_VS_ClockSourceITR
VP_TIM2_VS_ControllerModeGated.Mode=Gated Mode
VP_TIM2_VS_ControllerModeGated.Signal=TIM2_VS_ControllerModeGated
VREF+.Mode=InternalMode
VREF+.Signal=VREFBUF_OUT
board=NUCLEO-G474RE
boardIOC=true
rtos.0.ip=FREERTOS
